
Microsoft Visual Studio Solution File, Format Version 12.00
# Visual Studio Version 17
VisualStudioVersion = 17.8.34511.84
MinimumVisualStudioVersion = 10.0.40219.1
Project("{FAE04EC0-301F-11D3-BF4B-00C04F79EFBC}") = "Miniproject4_ELerning_ASP_MVC", "Miniproject4_ELerning_ASP.Net\Miniproject4_ELerning_ASP_MVC.csproj", "{BF3830AB-D9E0-483B-874B-C693BD3A61F9}"
EndProject
Global
	GlobalSection(SolutionConfigurationPlatforms) = preSolution
		Debug|Any CPU = Debug|Any CPU
		Release|Any CPU = Release|Any CPU
	EndGlobalSection
	GlobalSection(ProjectConfigurationPlatforms) = postSolution
		{BF3830AB-D9E0-483B-874B-C693BD3A61F9}.Debug|Any CPU.ActiveCfg = Debug|Any CPU
		{BF3830AB-D9E0-483B-874B-C693BD3A61F9}.Debug|Any CPU.Build.0 = Debug|Any CPU
		{BF3830AB-D9E0-483B-874B-C693BD3A61F9}.Release|Any CPU.ActiveCfg = Release|Any CPU
		{BF3830AB-D9E0-483B-874B-C693BD3A61F9}.Release|Any CPU.Build.0 = Release|Any CPU
	EndGlobalSection
	GlobalSection(SolutionProperties) = preSolution
		HideSolutionNode = FALSE
	EndGlobalSection
	GlobalSection(ExtensibilityGlobals) = postSolution
		SolutionGuid = {F7FC6C55-77D5-4C7E-B35D-2BF4CF90D2AF}
	EndGlobalSection
EndGlobal
